
Microsoft Visual Studio Solution File, Format Version 12.00
# Visual Studio 2012
Project("{E24C65DC-7377-472B-9ABA-BC803B73C61A}") = "BRDHC", "http://localhost:50747", "{CD050E56-6DB7-4AC8-A555-D08306F93D0F}"
	ProjectSection(WebsiteProperties) = preProject
		UseIISExpress = "true"
		TargetFrameworkMoniker = ".NETFramework,Version%3Dv4.0"
		Debug.AspNetCompiler.VirtualPath = "/localhost_50747"
		Debug.AspNetCompiler.PhysicalPath = "..\BRDHC\"
		Debug.AspNetCompiler.TargetPath = "PrecompiledWeb\localhost_50747\"
		Debug.AspNetCompiler.Updateable = "true"
		Debug.AspNetCompiler.ForceOverwrite = "true"
		Debug.AspNetCompiler.FixedNames = "true"
		Debug.AspNetCompiler.Debug = "True"
		Release.AspNetCompiler.VirtualPath = "/localhost_50747"
		Release.AspNetCompiler.PhysicalPath = "..\BRDHC\"
		Release.AspNetCompiler.TargetPath = "PrecompiledWeb\localhost_50747\"
		Release.AspNetCompiler.Updateable = "true"
		Release.AspNetCompiler.ForceOverwrite = "true"
		Release.AspNetCompiler.FixedNames = "true"
		Release.AspNetCompiler.Debug = "False"
		SlnRelativePath = "..\BRDHC\"
		DefaultWebSiteLanguage = "Visual C#"
	EndProjectSection
EndProject
Project("{FAE04EC0-301F-11D3-BF4B-00C04F79EFBC}") = "BRDHCTestUnits", "BRDHCTestUnits\BRDHCTestUnits.csproj", "{D7184F6E-DB57-4F09-ADFB-F729AB1ABD44}"
EndProject
Global
	GlobalSection(SolutionConfigurationPlatforms) = preSolution
		Debug|Any CPU = Debug|Any CPU
		Release|Any CPU = Release|Any CPU
	EndGlobalSection
	GlobalSection(ProjectConfigurationPlatforms) = postSolution
		{CD050E56-6DB7-4AC8-A555-D08306F93D0F}.Debug|Any CPU.ActiveCfg = Debug|Any CPU
		{CD050E56-6DB7-4AC8-A555-D08306F93D0F}.Debug|Any CPU.Build.0 = Debug|Any CPU
		{CD050E56-6DB7-4AC8-A555-D08306F93D0F}.Release|Any CPU.ActiveCfg = Debug|Any CPU
		{CD050E56-6DB7-4AC8-A555-D08306F93D0F}.Release|Any CPU.Build.0 = Debug|Any CPU
		{D7184F6E-DB57-4F09-ADFB-F729AB1ABD44}.Debug|Any CPU.ActiveCfg = Debug|Any CPU
		{D7184F6E-DB57-4F09-ADFB-F729AB1ABD44}.Debug|Any CPU.Build.0 = Debug|Any CPU
		{D7184F6E-DB57-4F09-ADFB-F729AB1ABD44}.Release|Any CPU.ActiveCfg = Release|Any CPU
		{D7184F6E-DB57-4F09-ADFB-F729AB1ABD44}.Release|Any CPU.Build.0 = Release|Any CPU
	EndGlobalSection
	GlobalSection(SolutionProperties) = preSolution
		HideSolutionNode = FALSE
	EndGlobalSection
EndGlobal
